// !$*UTF8*$!
{
	archiveVersion = 1;
	classes = {
	};
	objectVersion = 50;
	objects = {

/* Begin PBXBuildFile section */
		372099862663FF51007C102B /* CreateRaffleViewController.swift in Sources */ = {isa = PBXBuildFile; fileRef = 372099852663FF51007C102B /* CreateRaffleViewController.swift */; };
		372EDBEF266487A400E5887A /* EnterRaffleViewController.swift in Sources */ = {isa = PBXBuildFile; fileRef = 372EDBEE266487A400E5887A /* EnterRaffleViewController.swift */; };
		372EDBF12664947200E5887A /* UIViewControllerExtension.swift in Sources */ = {isa = PBXBuildFile; fileRef = 372EDBF02664947200E5887A /* UIViewControllerExtension.swift */; };
		372EDBF3266543A100E5887A /* AddParticipantResponseModel.swift in Sources */ = {isa = PBXBuildFile; fileRef = 372EDBF2266543A100E5887A /* AddParticipantResponseModel.swift */; };
		372EDBF5266566E700E5887A /* IndicatorCollectionViewCell.swift in Sources */ = {isa = PBXBuildFile; fileRef = 372EDBF4266566E700E5887A /* IndicatorCollectionViewCell.swift */; };
		37347CF426645BF0000827A1 /* DateExtension.swift in Sources */ = {isa = PBXBuildFile; fileRef = 37347CF326645BF0000827A1 /* DateExtension.swift */; };
		373579DA2662BF5A002D264C /* RaffleCollectionViewCell.xib in Resources */ = {isa = PBXBuildFile; fileRef = 373579D92662BF5A002D264C /* RaffleCollectionViewCell.xib */; };
		373579DC2662C075002D264C /* RaffleCollectionViewCell.swift in Sources */ = {isa = PBXBuildFile; fileRef = 373579DB2662C075002D264C /* RaffleCollectionViewCell.swift */; };
		3777F92E2663CBF900441D57 /* RaffleDetailViewController.swift in Sources */ = {isa = PBXBuildFile; fileRef = 3777F92D2663CBF900441D57 /* RaffleDetailViewController.swift */; };
		37EFA9642661653F00410631 /* AppDelegate.swift in Sources */ = {isa = PBXBuildFile; fileRef = 37EFA9632661653F00410631 /* AppDelegate.swift */; };
		37EFA9662661653F00410631 /* SceneDelegate.swift in Sources */ = {isa = PBXBuildFile; fileRef = 37EFA9652661653F00410631 /* SceneDelegate.swift */; };
		37EFA9682661653F00410631 /* MainRafflesViewController.swift in Sources */ = {isa = PBXBuildFile; fileRef = 37EFA9672661653F00410631 /* MainRafflesViewController.swift */; };
		37EFA96B2661653F00410631 /* Main.storyboard in Resources */ = {isa = PBXBuildFile; fileRef = 37EFA9692661653F00410631 /* Main.storyboard */; };
		37EFA96D2661654000410631 /* Assets.xcassets in Resources */ = {isa = PBXBuildFile; fileRef = 37EFA96C2661654000410631 /* Assets.xcassets */; };
		37EFA9702661654000410631 /* LaunchScreen.storyboard in Resources */ = {isa = PBXBuildFile; fileRef = 37EFA96E2661654000410631 /* LaunchScreen.storyboard */; };
		37EFA97B2661654000410631 /* RaffleChallengeTests.swift in Sources */ = {isa = PBXBuildFile; fileRef = 37EFA97A2661654000410631 /* RaffleChallengeTests.swift */; };
		37EFA9862661654000410631 /* RaffleChallengeUITests.swift in Sources */ = {isa = PBXBuildFile; fileRef = 37EFA9852661654000410631 /* RaffleChallengeUITests.swift */; };
		37EFA99A26617A7B00410631 /* Network Helper.swift in Sources */ = {isa = PBXBuildFile; fileRef = 37EFA99926617A7B00410631 /* Network Helper.swift */; };
		37EFA99C26618AE200410631 /* RaffleAPIClient.swift in Sources */ = {isa = PBXBuildFile; fileRef = 37EFA99B26618AE200410631 /* RaffleAPIClient.swift */; };
		37EFA99E26618C8900410631 /* RaffleModel.swift in Sources */ = {isa = PBXBuildFile; fileRef = 37EFA99D26618C8900410631 /* RaffleModel.swift */; };
		37EFA9A026618C9900410631 /* ParticipantModel.swift in Sources */ = {isa = PBXBuildFile; fileRef = 37EFA99F26618C9900410631 /* ParticipantModel.swift */; };
		37EFA9A226618D0E00410631 /* RaffleViewModel.swift in Sources */ = {isa = PBXBuildFile; fileRef = 37EFA9A126618D0E00410631 /* RaffleViewModel.swift */; };
		37EFA9A426618D1F00410631 /* ParticipantViewModel.swift in Sources */ = {isa = PBXBuildFile; fileRef = 37EFA9A326618D1F00410631 /* ParticipantViewModel.swift */; };
/* End PBXBuildFile section */

/* Begin PBXContainerItemProxy section */
		37EFA9772661654000410631 /* PBXContainerItemProxy */ = {
			isa = PBXContainerItemProxy;
			containerPortal = 37EFA9582661653F00410631 /* Project object */;
			proxyType = 1;
			remoteGlobalIDString = 37EFA95F2661653F00410631;
			remoteInfo = RaffleChallenge;
		};
		37EFA9822661654000410631 /* PBXContainerItemProxy */ = {
			isa = PBXContainerItemProxy;
			containerPortal = 37EFA9582661653F00410631 /* Project object */;
			proxyType = 1;
			remoteGlobalIDString = 37EFA95F2661653F00410631;
			remoteInfo = RaffleChallenge;
		};
/* End PBXContainerItemProxy section */

/* Begin PBXFileReference section */
		372099852663FF51007C102B /* CreateRaffleViewController.swift */ = {isa = PBXFileReference; lastKnownFileType = sourcecode.swift; path = CreateRaffleViewController.swift; sourceTree = "<group>"; };
		372EDBEE266487A400E5887A /* EnterRaffleViewController.swift */ = {isa = PBXFileReference; lastKnownFileType = sourcecode.swift; path = EnterRaffleViewController.swift; sourceTree = "<group>"; };
		372EDBF02664947200E5887A /* UIViewControllerExtension.swift */ = {isa = PBXFileReference; lastKnownFileType = sourcecode.swift; path = UIViewControllerExtension.swift; sourceTree = "<group>"; };
		372EDBF2266543A100E5887A /* AddParticipantResponseModel.swift */ = {isa = PBXFileReference; lastKnownFileType = sourcecode.swift; path = AddParticipantResponseModel.swift; sourceTree = "<group>"; };
		372EDBF4266566E700E5887A /* IndicatorCollectionViewCell.swift */ = {isa = PBXFileReference; lastKnownFileType = sourcecode.swift; path = IndicatorCollectionViewCell.swift; sourceTree = "<group>"; };
		37347CF326645BF0000827A1 /* DateExtension.swift */ = {isa = PBXFileReference; lastKnownFileType = sourcecode.swift; path = DateExtension.swift; sourceTree = "<group>"; };
		373579D92662BF5A002D264C /* RaffleCollectionViewCell.xib */ = {isa = PBXFileReference; lastKnownFileType = file.xib; path = RaffleCollectionViewCell.xib; sourceTree = "<group>"; };
		373579DB2662C075002D264C /* RaffleCollectionViewCell.swift */ = {isa = PBXFileReference; lastKnownFileType = sourcecode.swift; path = RaffleCollectionViewCell.swift; sourceTree = "<group>"; };
		3777F92D2663CBF900441D57 /* RaffleDetailViewController.swift */ = {isa = PBXFileReference; lastKnownFileType = sourcecode.swift; path = RaffleDetailViewController.swift; sourceTree = "<group>"; };
		37EFA9602661653F00410631 /* RaffleChallenge.app */ = {isa = PBXFileReference; explicitFileType = wrapper.application; includeInIndex = 0; path = RaffleChallenge.app; sourceTree = BUILT_PRODUCTS_DIR; };
		37EFA9632661653F00410631 /* AppDelegate.swift */ = {isa = PBXFileReference; lastKnownFileType = sourcecode.swift; path = AppDelegate.swift; sourceTree = "<group>"; };
		37EFA9652661653F00410631 /* SceneDelegate.swift */ = {isa = PBXFileReference; lastKnownFileType = sourcecode.swift; path = SceneDelegate.swift; sourceTree = "<group>"; };
		37EFA9672661653F00410631 /* MainRafflesViewController.swift */ = {isa = PBXFileReference; lastKnownFileType = sourcecode.swift; path = MainRafflesViewController.swift; sourceTree = "<group>"; };
		37EFA96A2661653F00410631 /* Base */ = {isa = PBXFileReference; lastKnownFileType = file.storyboard; name = Base; path = Base.lproj/Main.storyboard; sourceTree = "<group>"; };
		37EFA96C2661654000410631 /* Assets.xcassets */ = {isa = PBXFileReference; lastKnownFileType = folder.assetcatalog; path = Assets.xcassets; sourceTree = "<group>"; };
		37EFA96F2661654000410631 /* Base */ = {isa = PBXFileReference; lastKnownFileType = file.storyboard; name = Base; path = Base.lproj/LaunchScreen.storyboard; sourceTree = "<group>"; };
		37EFA9712661654000410631 /* Info.plist */ = {isa = PBXFileReference; lastKnownFileType = text.plist.xml; path = Info.plist; sourceTree = "<group>"; };
		37EFA9762661654000410631 /* RaffleChallengeTests.xctest */ = {isa = PBXFileReference; explicitFileType = wrapper.cfbundle; includeInIndex = 0; path = RaffleChallengeTests.xctest; sourceTree = BUILT_PRODUCTS_DIR; };
		37EFA97A2661654000410631 /* RaffleChallengeTests.swift */ = {isa = PBXFileReference; lastKnownFileType = sourcecode.swift; path = RaffleChallengeTests.swift; sourceTree = "<group>"; };
		37EFA97C2661654000410631 /* Info.plist */ = {isa = PBXFileReference; lastKnownFileType = text.plist.xml; path = Info.plist; sourceTree = "<group>"; };
		37EFA9812661654000410631 /* RaffleChallengeUITests.xctest */ = {isa = PBXFileReference; explicitFileType = wrapper.cfbundle; includeInIndex = 0; path = RaffleChallengeUITests.xctest; sourceTree = BUILT_PRODUCTS_DIR; };
		37EFA9852661654000410631 /* RaffleChallengeUITests.swift */ = {isa = PBXFileReference; lastKnownFileType = sourcecode.swift; path = RaffleChallengeUITests.swift; sourceTree = "<group>"; };
		37EFA9872661654000410631 /* Info.plist */ = {isa = PBXFileReference; lastKnownFileType = text.plist.xml; path = Info.plist; sourceTree = "<group>"; };
		37EFA99926617A7B00410631 /* Network Helper.swift */ = {isa = PBXFileReference; lastKnownFileType = sourcecode.swift; path = "Network Helper.swift"; sourceTree = "<group>"; };
		37EFA99B26618AE200410631 /* RaffleAPIClient.swift */ = {isa = PBXFileReference; lastKnownFileType = sourcecode.swift; path = RaffleAPIClient.swift; sourceTree = "<group>"; };
		37EFA99D26618C8900410631 /* RaffleModel.swift */ = {isa = PBXFileReference; lastKnownFileType = sourcecode.swift; path = RaffleModel.swift; sourceTree = "<group>"; };
		37EFA99F26618C9900410631 /* ParticipantModel.swift */ = {isa = PBXFileReference; lastKnownFileType = sourcecode.swift; path = ParticipantModel.swift; sourceTree = "<group>"; };
		37EFA9A126618D0E00410631 /* RaffleViewModel.swift */ = {isa = PBXFileReference; lastKnownFileType = sourcecode.swift; path = RaffleViewModel.swift; sourceTree = "<group>"; };
		37EFA9A326618D1F00410631 /* ParticipantViewModel.swift */ = {isa = PBXFileReference; lastKnownFileType = sourcecode.swift; path = ParticipantViewModel.swift; sourceTree = "<group>"; };
/* End PBXFileReference section */

/* Begin PBXFrameworksBuildPhase section */
		37EFA95D2661653F00410631 /* Frameworks */ = {
			isa = PBXFrameworksBuildPhase;
			buildActionMask = 2147483647;
			files = (
			);
			runOnlyForDeploymentPostprocessing = 0;
		};
		37EFA9732661654000410631 /* Frameworks */ = {
			isa = PBXFrameworksBuildPhase;
			buildActionMask = 2147483647;
			files = (
			);
			runOnlyForDeploymentPostprocessing = 0;
		};
		37EFA97E2661654000410631 /* Frameworks */ = {
			isa = PBXFrameworksBuildPhase;
			buildActionMask = 2147483647;
			files = (
			);
			runOnlyForDeploymentPostprocessing = 0;
		};
/* End PBXFrameworksBuildPhase section */

/* Begin PBXGroup section */
		372EDBF626656C9C00E5887A /* CollectionView Cells */ = {
			isa = PBXGroup;
			children = (
				373579DB2662C075002D264C /* RaffleCollectionViewCell.swift */,
				372EDBF4266566E700E5887A /* IndicatorCollectionViewCell.swift */,
			);
			path = "CollectionView Cells";
			sourceTree = "<group>";
		};
		37347CF226645BDD000827A1 /* Extensions */ = {
			isa = PBXGroup;
			children = (
				37347CF326645BF0000827A1 /* DateExtension.swift */,
				372EDBF02664947200E5887A /* UIViewControllerExtension.swift */,
				37EFA995266165BF00410631 /* Network Services */,
			);
			path = Extensions;
			sourceTree = "<group>";
		};
		37EFA9572661653F00410631 = {
			isa = PBXGroup;
			children = (
				37EFA9622661653F00410631 /* RaffleChallenge */,
				37EFA9792661654000410631 /* RaffleChallengeTests */,
				37EFA9842661654000410631 /* RaffleChallengeUITests */,
				37EFA9612661653F00410631 /* Products */,
			);
			sourceTree = "<group>";
		};
		37EFA9612661653F00410631 /* Products */ = {
			isa = PBXGroup;
			children = (
				37EFA9602661653F00410631 /* RaffleChallenge.app */,
				37EFA9762661654000410631 /* RaffleChallengeTests.xctest */,
				37EFA9812661654000410631 /* RaffleChallengeUITests.xctest */,
			);
			name = Products;
			sourceTree = "<group>";
		};
		37EFA9622661653F00410631 /* RaffleChallenge */ = {
			isa = PBXGroup;
			children = (
				37EFA9932661659000410631 /* Supporting Files */,
				37347CF226645BDD000827A1 /* Extensions */,
				37EFA996266165EC00410631 /* Models */,
				37EFA99726616CC800410631 /* View Models */,
				37EFA9942661659F00410631 /* View Controllers */,
				372EDBF626656C9C00E5887A /* CollectionView Cells */,
				37EFA99826616CE400410631 /* Storyboards */,
				37EFA9712661654000410631 /* Info.plist */,
			);
			path = RaffleChallenge;
			sourceTree = "<group>";
		};
		37EFA9792661654000410631 /* RaffleChallengeTests */ = {
			isa = PBXGroup;
			children = (
				37EFA97A2661654000410631 /* RaffleChallengeTests.swift */,
				37EFA97C2661654000410631 /* Info.plist */,
			);
			path = RaffleChallengeTests;
			sourceTree = "<group>";
		};
		37EFA9842661654000410631 /* RaffleChallengeUITests */ = {
			isa = PBXGroup;
			children = (
				37EFA9852661654000410631 /* RaffleChallengeUITests.swift */,
				37EFA9872661654000410631 /* Info.plist */,
			);
			path = RaffleChallengeUITests;
			sourceTree = "<group>";
		};
		37EFA9932661659000410631 /* Supporting Files */ = {
			isa = PBXGroup;
			children = (
				37EFA9632661653F00410631 /* AppDelegate.swift */,
				37EFA9652661653F00410631 /* SceneDelegate.swift */,
				37EFA96C2661654000410631 /* Assets.xcassets */,
				37EFA96E2661654000410631 /* LaunchScreen.storyboard */,
			);
			path = "Supporting Files";
			sourceTree = "<group>";
		};
		37EFA9942661659F00410631 /* View Controllers */ = {
			isa = PBXGroup;
			children = (
				37EFA9672661653F00410631 /* MainRafflesViewController.swift */,
				3777F92D2663CBF900441D57 /* RaffleDetailViewController.swift */,
				372099852663FF51007C102B /* CreateRaffleViewController.swift */,
				372EDBEE266487A400E5887A /* EnterRaffleViewController.swift */,
			);
			path = "View Controllers";
			sourceTree = "<group>";
		};
		37EFA995266165BF00410631 /* Network Services */ = {
			isa = PBXGroup;
			children = (
				37EFA99926617A7B00410631 /* Network Helper.swift */,
				37EFA99B26618AE200410631 /* RaffleAPIClient.swift */,
			);
			path = "Network Services";
			sourceTree = "<group>";
		};
		37EFA996266165EC00410631 /* Models */ = {
			isa = PBXGroup;
			children = (
				37EFA99D26618C8900410631 /* RaffleModel.swift */,
				37EFA99F26618C9900410631 /* ParticipantModel.swift */,
				372EDBF2266543A100E5887A /* AddParticipantResponseModel.swift */,
			);
			path = Models;
			sourceTree = "<group>";
		};
		37EFA99726616CC800410631 /* View Models */ = {
			isa = PBXGroup;
			children = (
				37EFA9A126618D0E00410631 /* RaffleViewModel.swift */,
				37EFA9A326618D1F00410631 /* ParticipantViewModel.swift */,
			);
			path = "View Models";
			sourceTree = "<group>";
		};
		37EFA99826616CE400410631 /* Storyboards */ = {
			isa = PBXGroup;
			children = (
				37EFA9692661653F00410631 /* Main.storyboard */,
				373579D92662BF5A002D264C /* RaffleCollectionViewCell.xib */,
			);
			path = Storyboards;
			sourceTree = "<group>";
		};
/* End PBXGroup section */

/* Begin PBXNativeTarget section */
		37EFA95F2661653F00410631 /* RaffleChallenge */ = {
			isa = PBXNativeTarget;
			buildConfigurationList = 37EFA98A2661654000410631 /* Build configuration list for PBXNativeTarget "RaffleChallenge" */;
			buildPhases = (
				37EFA95C2661653F00410631 /* Sources */,
				37EFA95D2661653F00410631 /* Frameworks */,
				37EFA95E2661653F00410631 /* Resources */,
			);
			buildRules = (
			);
			dependencies = (
			);
			name = RaffleChallenge;
			productName = RaffleChallenge;
			productReference = 37EFA9602661653F00410631 /* RaffleChallenge.app */;
			productType = "com.apple.product-type.application";
		};
		37EFA9752661654000410631 /* RaffleChallengeTests */ = {
			isa = PBXNativeTarget;
			buildConfigurationList = 37EFA98D2661654000410631 /* Build configuration list for PBXNativeTarget "RaffleChallengeTests" */;
			buildPhases = (
				37EFA9722661654000410631 /* Sources */,
				37EFA9732661654000410631 /* Frameworks */,
				37EFA9742661654000410631 /* Resources */,
			);
			buildRules = (
			);
			dependencies = (
				37EFA9782661654000410631 /* PBXTargetDependency */,
			);
			name = RaffleChallengeTests;
			productName = RaffleChallengeTests;
			productReference = 37EFA9762661654000410631 /* RaffleChallengeTests.xctest */;
			productType = "com.apple.product-type.bundle.unit-test";
		};
		37EFA9802661654000410631 /* RaffleChallengeUITests */ = {
			isa = PBXNativeTarget;
			buildConfigurationList = 37EFA9902661654000410631 /* Build configuration list for PBXNativeTarget "RaffleChallengeUITests" */;
			buildPhases = (
				37EFA97D2661654000410631 /* Sources */,
				37EFA97E2661654000410631 /* Frameworks */,
				37EFA97F2661654000410631 /* Resources */,
			);
			buildRules = (
			);
			dependencies = (
				37EFA9832661654000410631 /* PBXTargetDependency */,
			);
			name = RaffleChallengeUITests;
			productName = RaffleChallengeUITests;
			productReference = 37EFA9812661654000410631 /* RaffleChallengeUITests.xctest */;
			productType = "com.apple.product-type.bundle.ui-testing";
		};
/* End PBXNativeTarget section */

/* Begin PBXProject section */
		37EFA9582661653F00410631 /* Project object */ = {
			isa = PBXProject;
			attributes = {
				LastSwiftUpdateCheck = 1250;
				LastUpgradeCheck = 1250;
				TargetAttributes = {
					37EFA95F2661653F00410631 = {
						CreatedOnToolsVersion = 12.5;
					};
					37EFA9752661654000410631 = {
						CreatedOnToolsVersion = 12.5;
						TestTargetID = 37EFA95F2661653F00410631;
					};
					37EFA9802661654000410631 = {
						CreatedOnToolsVersion = 12.5;
						TestTargetID = 37EFA95F2661653F00410631;
					};
				};
			};
			buildConfigurationList = 37EFA95B2661653F00410631 /* Build configuration list for PBXProject "RaffleChallenge" */;
			compatibilityVersion = "Xcode 9.3";
			developmentRegion = en;
			hasScannedForEncodings = 0;
			knownRegions = (
				en,
				Base,
			);
			mainGroup = 37EFA9572661653F00410631;
			productRefGroup = 37EFA9612661653F00410631 /* Products */;
			projectDirPath = "";
			projectRoot = "";
			targets = (
				37EFA95F2661653F00410631 /* RaffleChallenge */,
				37EFA9752661654000410631 /* RaffleChallengeTests */,
				37EFA9802661654000410631 /* RaffleChallengeUITests */,
			);
		};
/* End PBXProject section */

/* Begin PBXResourcesBuildPhase section */
		37EFA95E2661653F00410631 /* Resources */ = {
			isa = PBXResourcesBuildPhase;
			buildActionMask = 2147483647;
			files = (
				373579DA2662BF5A002D264C /* RaffleCollectionViewCell.xib in Resources */,
				37EFA9702661654000410631 /* LaunchScreen.storyboard in Resources */,
				37EFA96D2661654000410631 /* Assets.xcassets in Resources */,
				37EFA96B2661653F00410631 /* Main.storyboard in Resources */,
			);
			runOnlyForDeploymentPostprocessing = 0;
		};
		37EFA9742661654000410631 /* Resources */ = {
			isa = PBXResourcesBuildPhase;
			buildActionMask = 2147483647;
			files = (
			);
			runOnlyForDeploymentPostprocessing = 0;
		};
		37EFA97F2661654000410631 /* Resources */ = {
			isa = PBXResourcesBuildPhase;
			buildActionMask = 2147483647;
			files = (
			);
			runOnlyForDeploymentPostprocessing = 0;
		};
/* End PBXResourcesBuildPhase section */

/* Begin PBXSourcesBuildPhase section */
		37EFA95C2661653F00410631 /* Sources */ = {
			isa = PBXSourcesBuildPhase;
			buildActionMask = 2147483647;
			files = (
				37EFA9A426618D1F00410631 /* ParticipantViewModel.swift in Sources */,
				372EDBF5266566E700E5887A /* IndicatorCollectionViewCell.swift in Sources */,
				37EFA9682661653F00410631 /* MainRafflesViewController.swift in Sources */,
				372EDBF12664947200E5887A /* UIViewControllerExtension.swift in Sources */,
				373579DC2662C075002D264C /* RaffleCollectionViewCell.swift in Sources */,
				37EFA99E26618C8900410631 /* RaffleModel.swift in Sources */,
				372099862663FF51007C102B /* CreateRaffleViewController.swift in Sources */,
				37347CF426645BF0000827A1 /* DateExtension.swift in Sources */,
				37EFA99C26618AE200410631 /* RaffleAPIClient.swift in Sources */,
				3777F92E2663CBF900441D57 /* RaffleDetailViewController.swift in Sources */,
				37EFA9642661653F00410631 /* AppDelegate.swift in Sources */,
				37EFA9A226618D0E00410631 /* RaffleViewModel.swift in Sources */,
				37EFA9662661653F00410631 /* SceneDelegate.swift in Sources */,
				372EDBF3266543A100E5887A /* AddParticipantResponseModel.swift in Sources */,
				372EDBEF266487A400E5887A /* EnterRaffleViewController.swift in Sources */,
				37EFA9A026618C9900410631 /* ParticipantModel.swift in Sources */,
				37EFA99A26617A7B00410631 /* Network Helper.swift in Sources */,
			);
			runOnlyForDeploymentPostprocessing = 0;
		};
		37EFA9722661654000410631 /* Sources */ = {
			isa = PBXSourcesBuildPhase;
			buildActionMask = 2147483647;
			files = (
				37EFA97B2661654000410631 /* RaffleChallengeTests.swift in Sources */,
			);
			runOnlyForDeploymentPostprocessing = 0;
		};
		37EFA97D2661654000410631 /* Sources */ = {
			isa = PBXSourcesBuildPhase;
			buildActionMask = 2147483647;
			files = (
				37EFA9862661654000410631 /* RaffleChallengeUITests.swift in Sources */,
			);
			runOnlyForDeploymentPostprocessing = 0;
		};
/* End PBXSourcesBuildPhase section */

/* Begin PBXTargetDependency section */
		37EFA9782661654000410631 /* PBXTargetDependency */ = {
			isa = PBXTargetDependency;
			target = 37EFA95F2661653F00410631 /* RaffleChallenge */;
			targetProxy = 37EFA9772661654000410631 /* PBXContainerItemProxy */;
		};
		37EFA9832661654000410631 /* PBXTargetDependency */ = {
			isa = PBXTargetDependency;
			target = 37EFA95F2661653F00410631 /* RaffleChallenge */;
			targetProxy = 37EFA9822661654000410631 /* PBXContainerItemProxy */;
		};
/* End PBXTargetDependency section */

/* Begin PBXVariantGroup section */
		37EFA9692661653F00410631 /* Main.storyboard */ = {
			isa = PBXVariantGroup;
			children = (
				37EFA96A2661653F00410631 /* Base */,
			);
			name = Main.storyboard;
			sourceTree = "<group>";
		};
		37EFA96E2661654000410631 /* LaunchScreen.storyboard */ = {
			isa = PBXVariantGroup;
			children = (
				37EFA96F2661654000410631 /* Base */,
			);
			name = LaunchScreen.storyboard;
			sourceTree = "<group>";
		};
/* End PBXVariantGroup section */

/* Begin XCBuildConfiguration section */
		37EFA9882661654000410631 /* Debug */ = {
			isa = XCBuildConfiguration;
			buildSettings = {
				ALWAYS_SEARCH_USER_PATHS = NO;
				CLANG_ANALYZER_NONNULL = YES;
				CLANG_ANALYZER_NUMBER_OBJECT_CONVERSION = YES_AGGRESSIVE;
				CLANG_CXX_LANGUAGE_STANDARD = "gnu++14";
				CLANG_CXX_LIBRARY = "libc++";
				CLANG_ENABLE_MODULES = YES;
				CLANG_ENABLE_OBJC_ARC = YES;
				CLANG_ENABLE_OBJC_WEAK = YES;
				CLANG_WARN_BLOCK_CAPTURE_AUTORELEASING = YES;
				CLANG_WARN_BOOL_CONVERSION = YES;
				CLANG_WARN_COMMA = YES;
				CLANG_WARN_CONSTANT_CONVERSION = YES;
				CLANG_WARN_DEPRECATED_OBJC_IMPLEMENTATIONS = YES;
				CLANG_WARN_DIRECT_OBJC_ISA_USAGE = YES_ERROR;
				CLANG_WARN_DOCUMENTATION_COMMENTS = YES;
				CLANG_WARN_EMPTY_BODY = YES;
				CLANG_WARN_ENUM_CONVERSION = YES;
				CLANG_WARN_INFINITE_RECURSION = YES;
				CLANG_WARN_INT_CONVERSION = YES;
				CLANG_WARN_NON_LITERAL_NULL_CONVERSION = YES;
				CLANG_WARN_OBJC_IMPLICIT_RETAIN_SELF = YES;
				CLANG_WARN_OBJC_LITERAL_CONVERSION = YES;
				CLANG_WARN_OBJC_ROOT_CLASS = YES_ERROR;
				CLANG_WARN_QUOTED_INCLUDE_IN_FRAMEWORK_HEADER = YES;
				CLANG_WARN_RANGE_LOOP_ANALYSIS = YES;
				CLANG_WARN_STRICT_PROTOTYPES = YES;
				CLANG_WARN_SUSPICIOUS_MOVE = YES;
				CLANG_WARN_UNGUARDED_AVAILABILITY = YES_AGGRESSIVE;
				CLANG_WARN_UNREACHABLE_CODE = YES;
				CLANG_WARN__DUPLICATE_METHOD_MATCH = YES;
				COPY_PHASE_STRIP = NO;
				DEBUG_INFORMATION_FORMAT = dwarf;
				ENABLE_STRICT_OBJC_MSGSEND = YES;
				ENABLE_TESTABILITY = YES;
				GCC_C_LANGUAGE_STANDARD = gnu11;
				GCC_DYNAMIC_NO_PIC = NO;
				GCC_NO_COMMON_BLOCKS = YES;
				GCC_OPTIMIZATION_LEVEL = 0;
				GCC_PREPROCESSOR_DEFINITIONS = (
					"DEBUG=1",
					"$(inherited)",
				);
				GCC_WARN_64_TO_32_BIT_CONVERSION = YES;
				GCC_WARN_ABOUT_RETURN_TYPE = YES_ERROR;
				GCC_WARN_UNDECLARED_SELECTOR = YES;
				GCC_WARN_UNINITIALIZED_AUTOS = YES_AGGRESSIVE;
				GCC_WARN_UNUSED_FUNCTION = YES;
				GCC_WARN_UNUSED_VARIABLE = YES;
				IPHONEOS_DEPLOYMENT_TARGET = 14.5;
				MTL_ENABLE_DEBUG_INFO = INCLUDE_SOURCE;
				MTL_FAST_MATH = YES;
				ONLY_ACTIVE_ARCH = YES;
				SDKROOT = iphoneos;
				SWIFT_ACTIVE_COMPILATION_CONDITIONS = DEBUG;
				SWIFT_OPTIMIZATION_LEVEL = "-Onone";
			};
			name = Debug;
		};
		37EFA9892661654000410631 /* Release */ = {
			isa = XCBuildConfiguration;
			buildSettings = {
				ALWAYS_SEARCH_USER_PATHS = NO;
				CLANG_ANALYZER_NONNULL = YES;
				CLANG_ANALYZER_NUMBER_OBJECT_CONVERSION = YES_AGGRESSIVE;
				CLANG_CXX_LANGUAGE_STANDARD = "gnu++14";
				CLANG_CXX_LIBRARY = "libc++";
				CLANG_ENABLE_MODULES = YES;
				CLANG_ENABLE_OBJC_ARC = YES;
				CLANG_ENABLE_OBJC_WEAK = YES;
				CLANG_WARN_BLOCK_CAPTURE_AUTORELEASING = YES;
				CLANG_WARN_BOOL_CONVERSION = YES;
				CLANG_WARN_COMMA = YES;
				CLANG_WARN_CONSTANT_CONVERSION = YES;
				CLANG_WARN_DEPRECATED_OBJC_IMPLEMENTATIONS = YES;
				CLANG_WARN_DIRECT_OBJC_ISA_USAGE = YES_ERROR;
				CLANG_WARN_DOCUMENTATION_COMMENTS = YES;
				CLANG_WARN_EMPTY_BODY = YES;
				CLANG_WARN_ENUM_CONVERSION = YES;
				CLANG_WARN_INFINITE_RECURSION = YES;
				CLANG_WARN_INT_CONVERSION = YES;
				CLANG_WARN_NON_LITERAL_NULL_CONVERSION = YES;
				CLANG_WARN_OBJC_IMPLICIT_RETAIN_SELF = YES;
				CLANG_WARN_OBJC_LITERAL_CONVERSION = YES;
				CLANG_WARN_OBJC_ROOT_CLASS = YES_ERROR;
				CLANG_WARN_QUOTED_INCLUDE_IN_FRAMEWORK_HEADER = YES;
				CLANG_WARN_RANGE_LOOP_ANALYSIS = YES;
				CLANG_WARN_STRICT_PROTOTYPES = YES;
				CLANG_WARN_SUSPICIOUS_MOVE = YES;
				CLANG_WARN_UNGUARDED_AVAILABILITY = YES_AGGRESSIVE;
				CLANG_WARN_UNREACHABLE_CODE = YES;
				CLANG_WARN__DUPLICATE_METHOD_MATCH = YES;
				COPY_PHASE_STRIP = NO;
				DEBUG_INFORMATION_FORMAT = "dwarf-with-dsym";
				ENABLE_NS_ASSERTIONS = NO;
				ENABLE_STRICT_OBJC_MSGSEND = YES;
				GCC_C_LANGUAGE_STANDARD = gnu11;
				GCC_NO_COMMON_BLOCKS = YES;
				GCC_WARN_64_TO_32_BIT_CONVERSION = YES;
				GCC_WARN_ABOUT_RETURN_TYPE = YES_ERROR;
				GCC_WARN_UNDECLARED_SELECTOR = YES;
				GCC_WARN_UNINITIALIZED_AUTOS = YES_AGGRESSIVE;
				GCC_WARN_UNUSED_FUNCTION = YES;
				GCC_WARN_UNUSED_VARIABLE = YES;
				IPHONEOS_DEPLOYMENT_TARGET = 14.5;
				MTL_ENABLE_DEBUG_INFO = NO;
				MTL_FAST_MATH = YES;
				SDKROOT = iphoneos;
				SWIFT_COMPILATION_MODE = wholemodule;
				SWIFT_OPTIMIZATION_LEVEL = "-O";
				VALIDATE_PRODUCT = YES;
			};
			name = Release;
		};
		37EFA98B2661654000410631 /* Debug */ = {
			isa = XCBuildConfiguration;
			buildSettings = {
				ASSETCATALOG_COMPILER_APPICON_NAME = AppIcon;
				ASSETCATALOG_COMPILER_GLOBAL_ACCENT_COLOR_NAME = AccentColor;
				CODE_SIGN_STYLE = Automatic;
				DEVELOPMENT_TEAM = G4KQ459XHC;
				INFOPLIST_FILE = RaffleChallenge/Info.plist;
				IPHONEOS_DEPLOYMENT_TARGET = 13.0;
				LD_RUNPATH_SEARCH_PATHS = (
					"$(inherited)",
					"@executable_path/Frameworks",
				);
				PRODUCT_BUNDLE_IDENTIFIER = com.KeeleyGreg.RaffleChallenge;
				PRODUCT_NAME = "$(TARGET_NAME)";
				SWIFT_VERSION = 5.0;
				TARGETED_DEVICE_FAMILY = "1,2";
			};
			name = Debug;
		};
		37EFA98C2661654000410631 /* Release */ = {
			isa = XCBuildConfiguration;
			buildSettings = {
				ASSETCATALOG_COMPILER_APPICON_NAME = AppIcon;
				ASSETCATALOG_COMPILER_GLOBAL_ACCENT_COLOR_NAME = AccentColor;
				CODE_SIGN_STYLE = Automatic;
				DEVELOPMENT_TEAM = G4KQ459XHC;
				INFOPLIST_FILE = RaffleChallenge/Info.plist;
				IPHONEOS_DEPLOYMENT_TARGET = 13.0;
				LD_RUNPATH_SEARCH_PATHS = (
					"$(inherited)",
					"@executable_path/Frameworks",
				);
				PRODUCT_BUNDLE_IDENTIFIER = com.KeeleyGreg.RaffleChallenge;
				PRODUCT_NAME = "$(TARGET_NAME)";
				SWIFT_VERSION = 5.0;
				TARGETED_DEVICE_FAMILY = "1,2";
			};
			name = Release;
		};
		37EFA98E2661654000410631 /* Debug */ = {
			isa = XCBuildConfiguration;
			buildSettings = {
				ALWAYS_EMBED_SWIFT_STANDARD_LIBRARIES = YES;
				BUNDLE_LOADER = "$(TEST_HOST)";
				CODE_SIGN_STYLE = Automatic;
				DEVELOPMENT_TEAM = G4KQ459XHC;
				INFOPLIST_FILE = RaffleChallengeTests/Info.plist;
				IPHONEOS_DEPLOYMENT_TARGET = 14.5;
				LD_RUNPATH_SEARCH_PATHS = (
					"$(inherited)",
					"@executable_path/Frameworks",
					"@loader_path/Frameworks",
				);
				PRODUCT_BUNDLE_IDENTIFIER = com.KeeleyGreg.RaffleChallengeTests;
				PRODUCT_NAME = "$(TARGET_NAME)";
				SWIFT_VERSION = 5.0;
				TARGETED_DEVICE_FAMILY = "1,2";
				TEST_HOST = "$(BUILT_PRODUCTS_DIR)/RaffleChallenge.app/RaffleChallenge";
			};
			name = Debug;
		};
		37EFA98F2661654000410631 /* Release */ = {
			isa = XCBuildConfiguration;
			buildSettings = {
				ALWAYS_EMBED_SWIFT_STANDARD_LIBRARIES = YES;
				BUNDLE_LOADER = "$(TEST_HOST)";
				CODE_SIGN_STYLE = Automatic;
				DEVELOPMENT_TEAM = G4KQ459XHC;
				INFOPLIST_FILE = RaffleChallengeTests/Info.plist;
				IPHONEOS_DEPLOYMENT_TARGET = 14.5;
				LD_RUNPATH_SEARCH_PATHS = (
					"$(inherited)",
					"@executable_path/Frameworks",
					"@loader_path/Frameworks",
				);
				PRODUCT_BUNDLE_IDENTIFIER = com.KeeleyGreg.RaffleChallengeTests;
				PRODUCT_NAME = "$(TARGET_NAME)";
				SWIFT_VERSION = 5.0;
				TARGETED_DEVICE_FAMILY = "1,2";
				TEST_HOST = "$(BUILT_PRODUCTS_DIR)/RaffleChallenge.app/RaffleChallenge";
			};
			name = Release;
		};
		37EFA9912661654000410631 /* Debug */ = {
			isa = XCBuildConfiguration;
			buildSettings = {
				ALWAYS_EMBED_SWIFT_STANDARD_LIBRARIES = YES;
				CODE_SIGN_STYLE = Automatic;
				DEVELOPMENT_TEAM = G4KQ459XHC;
				INFOPLIST_FILE = RaffleChallengeUITests/Info.plist;
				LD_RUNPATH_SEARCH_PATHS = (
					"$(inherited)",
					"@executable_path/Frameworks",
					"@loader_path/Frameworks",
				);
				PRODUCT_BUNDLE_IDENTIFIER = com.KeeleyGreg.RaffleChallengeUITests;
				PRODUCT_NAME = "$(TARGET_NAME)";
				SWIFT_VERSION = 5.0;
				TARGETED_DEVICE_FAMILY = "1,2";
				TEST_TARGET_NAME = RaffleChallenge;
			};
			name = Debug;
		};
		37EFA9922661654000410631 /* Release */ = {
			isa = XCBuildConfiguration;
			buildSettings = {
				ALWAYS_EMBED_SWIFT_STANDARD_LIBRARIES = YES;
				CODE_SIGN_STYLE = Automatic;
				DEVELOPMENT_TEAM = G4KQ459XHC;
				INFOPLIST_FILE = RaffleChallengeUITests/Info.plist;
				LD_RUNPATH_SEARCH_PATHS = (
					"$(inherited)",
					"@executable_path/Frameworks",
					"@loader_path/Frameworks",
				);
				PRODUCT_BUNDLE_IDENTIFIER = com.KeeleyGreg.RaffleChallengeUITests;
				PRODUCT_NAME = "$(TARGET_NAME)";
				SWIFT_VERSION = 5.0;
				TARGETED_DEVICE_FAMILY = "1,2";
				TEST_TARGET_NAME = RaffleChallenge;
			};
			name = Release;
		};
/* End XCBuildConfiguration section */

/* Begin XCConfigurationList section */
		37EFA95B2661653F00410631 /* Build configuration list for PBXProject "RaffleChallenge" */ = {
			isa = XCConfigurationList;
			buildConfigurations = (
				37EFA9882661654000410631 /* Debug */,
				37EFA9892661654000410631 /* Release */,
			);
			defaultConfigurationIsVisible = 0;
			defaultConfigurationName = Release;
		};
		37EFA98A2661654000410631 /* Build configuration list for PBXNativeTarget "RaffleChallenge" */ = {
			isa = XCConfigurationList;
			buildConfigurations = (
				37EFA98B2661654000410631 /* Debug */,
				37EFA98C2661654000410631 /* Release */,
			);
			defaultConfigurationIsVisible = 0;
			defaultConfigurationName = Release;
		};
		37EFA98D2661654000410631 /* Build configuration list for PBXNativeTarget "RaffleChallengeTests" */ = {
			isa = XCConfigurationList;
			buildConfigurations = (
				37EFA98E2661654000410631 /* Debug */,
				37EFA98F2661654000410631 /* Release */,
			);
			defaultConfigurationIsVisible = 0;
			defaultConfigurationName = Release;
		};
		37EFA9902661654000410631 /* Build configuration list for PBXNativeTarget "RaffleChallengeUITests" */ = {
			isa = XCConfigurationList;
			buildConfigurations = (
				37EFA9912661654000410631 /* Debug */,
				37EFA9922661654000410631 /* Release */,
			);
			defaultConfigurationIsVisible = 0;
			defaultConfigurationName = Release;
		};
/* End XCConfigurationList section */
	};
	rootObject = 37EFA9582661653F00410631 /* Project object */;
}
